
Microsoft Visual Studio Solution File, Format Version 12.00
# Visual Studio Version 16
VisualStudioVersion = 16.0.30503.244
MinimumVisualStudioVersion = 10.0.40219.1
Project("{8BC9CEB8-8B4A-11D0-8D11-00A0C91BC942}") = "String Length", "Lab3\Lab3.vcxproj", "{9F5C5FA7-B411-4BCD-9CCA-A766E9EF14C3}"
EndProject
Project("{8BC9CEB8-8B4A-11D0-8D11-00A0C91BC942}") = "Average salaries", "Average salaries\Average salaries.vcxproj", "{0C22AF50-9A7C-41DF-8CB1-AC8220B4C950}"
EndProject
Project("{8BC9CEB8-8B4A-11D0-8D11-00A0C91BC942}") = "Swap sort with pointers", "Swap sort with pointers\Swap sort with pointers.vcxproj", "{6F663427-5827-4A3E-8820-D472F4888A63}"
EndProject
Project("{8BC9CEB8-8B4A-11D0-8D11-00A0C91BC942}") = "swap sort double pointers", "swap sort double pointers\swap sort double pointers.vcxproj", "{34957244-453B-42CA-8CFD-CB30CEDAC0EA}"
EndProject
Global
	GlobalSection(SolutionConfigurationPlatforms) = preSolution
		Debug|x64 = Debug|x64
		Debug|x86 = Debug|x86
		Release|x64 = Release|x64
		Release|x86 = Release|x86
	EndGlobalSection
	GlobalSection(ProjectConfigurationPlatforms) = postSolution
		{9F5C5FA7-B411-4BCD-9CCA-A766E9EF14C3}.Debug|x64.ActiveCfg = Debug|x64
		{9F5C5FA7-B411-4BCD-9CCA-A766E9EF14C3}.Debug|x64.Build.0 = Debug|x64
		{9F5C5FA7-B411-4BCD-9CCA-A766E9EF14C3}.Debug|x86.ActiveCfg = Debug|Win32
		{9F5C5FA7-B411-4BCD-9CCA-A766E9EF14C3}.Debug|x86.Build.0 = Debug|Win32
		{9F5C5FA7-B411-4BCD-9CCA-A766E9EF14C3}.Release|x64.ActiveCfg = Release|x64
		{9F5C5FA7-B411-4BCD-9CCA-A766E9EF14C3}.Release|x64.Build.0 = Release|x64
		{9F5C5FA7-B411-4BCD-9CCA-A766E9EF14C3}.Release|x86.ActiveCfg = Release|Win32
		{9F5C5FA7-B411-4BCD-9CCA-A766E9EF14C3}.Release|x86.Build.0 = Release|Win32
		{0C22AF50-9A7C-41DF-8CB1-AC8220B4C950}.Debug|x64.ActiveCfg = Debug|x64
		{0C22AF50-9A7C-41DF-8CB1-AC8220B4C950}.Debug|x64.Build.0 = Debug|x64
		{0C22AF50-9A7C-41DF-8CB1-AC8220B4C950}.Debug|x86.ActiveCfg = Debug|Win32
		{0C22AF50-9A7C-41DF-8CB1-AC8220B4C950}.Debug|x86.Build.0 = Debug|Win32
		{0C22AF50-9A7C-41DF-8CB1-AC8220B4C950}.Release|x64.ActiveCfg = Release|x64
		{0C22AF50-9A7C-41DF-8CB1-AC8220B4C950}.Release|x64.Build.0 = Release|x64
		{0C22AF50-9A7C-41DF-8CB1-AC8220B4C950}.Release|x86.ActiveCfg = Release|Win32
		{0C22AF50-9A7C-41DF-8CB1-AC8220B4C950}.Release|x86.Build.0 = Release|Win32
		{6F663427-5827-4A3E-8820-D472F4888A63}.Debug|x64.ActiveCfg = Debug|x64
		{6F663427-5827-4A3E-8820-D472F4888A63}.Debug|x64.Build.0 = Debug|x64
		{6F663427-5827-4A3E-8820-D472F4888A63}.Debug|x86.ActiveCfg = Debug|Win32
		{6F663427-5827-4A3E-8820-D472F4888A63}.Debug|x86.Build.0 = Debug|Win32
		{6F663427-5827-4A3E-8820-D472F4888A63}.Release|x64.ActiveCfg = Release|x64
		{6F663427-5827-4A3E-8820-D472F4888A63}.Release|x64.Build.0 = Release|x64
		{6F663427-5827-4A3E-8820-D472F4888A63}.Release|x86.ActiveCfg = Release|Win32
		{6F663427-5827-4A3E-8820-D472F4888A63}.Release|x86.Build.0 = Release|Win32
		{34957244-453B-42CA-8CFD-CB30CEDAC0EA}.Debug|x64.ActiveCfg = Debug|x64
		{34957244-453B-42CA-8CFD-CB30CEDAC0EA}.Debug|x64.Build.0 = Debug|x64
		{34957244-453B-42CA-8CFD-CB30CEDAC0EA}.Debug|x86.ActiveCfg = Debug|Win32
		{34957244-453B-42CA-8CFD-CB30CEDAC0EA}.Debug|x86.Build.0 = Debug|Win32
		{34957244-453B-42CA-8CFD-CB30CEDAC0EA}.Release|x64.ActiveCfg = Release|x64
		{34957244-453B-42CA-8CFD-CB30CEDAC0EA}.Release|x64.Build.0 = Release|x64
		{34957244-453B-42CA-8CFD-CB30CEDAC0EA}.Release|x86.ActiveCfg = Release|Win32
		{34957244-453B-42CA-8CFD-CB30CEDAC0EA}.Release|x86.Build.0 = Release|Win32
	EndGlobalSection
	GlobalSection(SolutionProperties) = preSolution
		HideSolutionNode = FALSE
	EndGlobalSection
	GlobalSection(ExtensibilityGlobals) = postSolution
		SolutionGuid = {85991A06-7436-48FA-9E1F-1F5CB127F42E}
	EndGlobalSection
EndGlobal
